
Microsoft Visual Studio Solution File, Format Version 12.00
# Visual Studio Version 16
VisualStudioVersion = 16.0.31410.357
MinimumVisualStudioVersion = 10.0.40219.1
Project("{FAE04EC0-301F-11D3-BF4B-00C04F79EFBC}") = "ToDoList", "ToDoList\ToDoList.csproj", "{6F911986-EA38-4D43-BFE6-091F55BE3E17}"
EndProject
Global
	GlobalSection(SolutionConfigurationPlatforms) = preSolution
		Debug|Any CPU = Debug|Any CPU
		Release|Any CPU = Release|Any CPU
	EndGlobalSection
	GlobalSection(ProjectConfigurationPlatforms) = postSolution
		{6F911986-EA38-4D43-BFE6-091F55BE3E17}.Debug|Any CPU.ActiveCfg = Debug|Any CPU
		{6F911986-EA38-4D43-BFE6-091F55BE3E17}.Debug|Any CPU.Build.0 = Debug|Any CPU
		{6F911986-EA38-4D43-BFE6-091F55BE3E17}.Release|Any CPU.ActiveCfg = Release|Any CPU
		{6F911986-EA38-4D43-BFE6-091F55BE3E17}.Release|Any CPU.Build.0 = Release|Any CPU
	EndGlobalSection
	GlobalSection(SolutionProperties) = preSolution
		HideSolutionNode = FALSE
	EndGlobalSection
	GlobalSection(ExtensibilityGlobals) = postSolution
		SolutionGuid = {B16046AA-33AC-464E-BC57-2FE00E8D6C49}
	EndGlobalSection
EndGlobal
